// !$*UTF8*$!
{
	archiveVersion = 1;
	classes = {
	};
	objectVersion = 55;
	objects = {

/* Begin PBXBuildFile section */
		BA1023102805930D001A1481 /* HomePageViewController.swift in Sources */ = {isa = PBXBuildFile; fileRef = BA10230F2805930D001A1481 /* HomePageViewController.swift */; };
		BA10231328059359001A1481 /* SelectedModule.storyboard in Resources */ = {isa = PBXBuildFile; fileRef = BA10231228059359001A1481 /* SelectedModule.storyboard */; };
		BA1023152805938E001A1481 /* SelectedModuleViewController.swift in Sources */ = {isa = PBXBuildFile; fileRef = BA1023142805938E001A1481 /* SelectedModuleViewController.swift */; };
		BA945730280593F700B88544 /* SubModuleViewCell.swift in Sources */ = {isa = PBXBuildFile; fileRef = BA94572F280593F700B88544 /* SubModuleViewCell.swift */; };
		BA94573328059AF400B88544 /* CollectionViewCell.swift in Sources */ = {isa = PBXBuildFile; fileRef = BA94573228059AF400B88544 /* CollectionViewCell.swift */; };
		BA9457352805A74300B88544 /* WatchVisualViewController.swift in Sources */ = {isa = PBXBuildFile; fileRef = BA9457342805A74300B88544 /* WatchVisualViewController.swift */; };
		BA9457372805A76A00B88544 /* WatchVisual.storyboard in Resources */ = {isa = PBXBuildFile; fileRef = BA9457362805A76A00B88544 /* WatchVisual.storyboard */; };
		BA94573B2805B58800B88544 /* ComparePage.storyboard in Resources */ = {isa = PBXBuildFile; fileRef = BA94573A2805B58800B88544 /* ComparePage.storyboard */; };
		BA94573D2805B5FB00B88544 /* CompareViewController.swift in Sources */ = {isa = PBXBuildFile; fileRef = BA94573C2805B5FB00B88544 /* CompareViewController.swift */; };
		BA94573F2805BADD00B88544 /* ReflectionPage.storyboard in Resources */ = {isa = PBXBuildFile; fileRef = BA94573E2805BADD00B88544 /* ReflectionPage.storyboard */; };
		BA9457412805BB1700B88544 /* ReflectionViewController.swift in Sources */ = {isa = PBXBuildFile; fileRef = BA9457402805BB1700B88544 /* ReflectionViewController.swift */; };
		BA9457442805BDA400B88544 /* DescriptionPageViewController.swift in Sources */ = {isa = PBXBuildFile; fileRef = BA9457432805BDA400B88544 /* DescriptionPageViewController.swift */; };
		BA9457462805BDE100B88544 /* DescriptionPage.storyboard in Resources */ = {isa = PBXBuildFile; fileRef = BA9457452805BDE100B88544 /* DescriptionPage.storyboard */; };
		BA9457482805C5E800B88544 /* SelectedModuleDatabase.swift in Sources */ = {isa = PBXBuildFile; fileRef = BA9457472805C5E800B88544 /* SelectedModuleDatabase.swift */; };
		BAA8FA80280590CF004846A5 /* AppDelegate.swift in Sources */ = {isa = PBXBuildFile; fileRef = BAA8FA7F280590CF004846A5 /* AppDelegate.swift */; };
		BAA8FA82280590CF004846A5 /* SceneDelegate.swift in Sources */ = {isa = PBXBuildFile; fileRef = BAA8FA81280590CF004846A5 /* SceneDelegate.swift */; };
		BAA8FA84280590CF004846A5 /* ViewController.swift in Sources */ = {isa = PBXBuildFile; fileRef = BAA8FA83280590CF004846A5 /* ViewController.swift */; };
		BAA8FA87280590CF004846A5 /* Main.storyboard in Resources */ = {isa = PBXBuildFile; fileRef = BAA8FA85280590CF004846A5 /* Main.storyboard */; };
		BAA8FA89280590D0004846A5 /* Assets.xcassets in Resources */ = {isa = PBXBuildFile; fileRef = BAA8FA88280590D0004846A5 /* Assets.xcassets */; };
		BAA8FA8C280590D0004846A5 /* LaunchScreen.storyboard in Resources */ = {isa = PBXBuildFile; fileRef = BAA8FA8A280590D0004846A5 /* LaunchScreen.storyboard */; };
		BAA8FAAB2805929E004846A5 /* CarouselModel.swift in Sources */ = {isa = PBXBuildFile; fileRef = BAA8FAAA2805929E004846A5 /* CarouselModel.swift */; };
		BAA8FAAD280592C8004846A5 /* HomePage.storyboard in Resources */ = {isa = PBXBuildFile; fileRef = BAA8FAAC280592C8004846A5 /* HomePage.storyboard */; };
/* End PBXBuildFile section */

/* Begin PBXFileReference section */
		BA10230F2805930D001A1481 /* HomePageViewController.swift */ = {isa = PBXFileReference; lastKnownFileType = sourcecode.swift; path = HomePageViewController.swift; sourceTree = "<group>"; };
		BA10231228059359001A1481 /* SelectedModule.storyboard */ = {isa = PBXFileReference; lastKnownFileType = file.storyboard; path = SelectedModule.storyboard; sourceTree = "<group>"; };
		BA1023142805938E001A1481 /* SelectedModuleViewController.swift */ = {isa = PBXFileReference; lastKnownFileType = sourcecode.swift; path = SelectedModuleViewController.swift; sourceTree = "<group>"; };
		BA94572F280593F700B88544 /* SubModuleViewCell.swift */ = {isa = PBXFileReference; lastKnownFileType = sourcecode.swift; path = SubModuleViewCell.swift; sourceTree = "<group>"; };
		BA94573228059AF400B88544 /* CollectionViewCell.swift */ = {isa = PBXFileReference; lastKnownFileType = sourcecode.swift; path = CollectionViewCell.swift; sourceTree = "<group>"; };
		BA9457342805A74300B88544 /* WatchVisualViewController.swift */ = {isa = PBXFileReference; lastKnownFileType = sourcecode.swift; path = WatchVisualViewController.swift; sourceTree = "<group>"; };
		BA9457362805A76A00B88544 /* WatchVisual.storyboard */ = {isa = PBXFileReference; lastKnownFileType = file.storyboard; path = WatchVisual.storyboard; sourceTree = "<group>"; };
		BA94573A2805B58800B88544 /* ComparePage.storyboard */ = {isa = PBXFileReference; lastKnownFileType = file.storyboard; path = ComparePage.storyboard; sourceTree = "<group>"; };
		BA94573C2805B5FB00B88544 /* CompareViewController.swift */ = {isa = PBXFileReference; lastKnownFileType = sourcecode.swift; path = CompareViewController.swift; sourceTree = "<group>"; };
		BA94573E2805BADD00B88544 /* ReflectionPage.storyboard */ = {isa = PBXFileReference; lastKnownFileType = file.storyboard; path = ReflectionPage.storyboard; sourceTree = "<group>"; };
		BA9457402805BB1700B88544 /* ReflectionViewController.swift */ = {isa = PBXFileReference; lastKnownFileType = sourcecode.swift; path = ReflectionViewController.swift; sourceTree = "<group>"; };
		BA9457432805BDA400B88544 /* DescriptionPageViewController.swift */ = {isa = PBXFileReference; lastKnownFileType = sourcecode.swift; path = DescriptionPageViewController.swift; sourceTree = "<group>"; };
		BA9457452805BDE100B88544 /* DescriptionPage.storyboard */ = {isa = PBXFileReference; lastKnownFileType = file.storyboard; path = DescriptionPage.storyboard; sourceTree = "<group>"; };
		BA9457472805C5E800B88544 /* SelectedModuleDatabase.swift */ = {isa = PBXFileReference; lastKnownFileType = sourcecode.swift; path = SelectedModuleDatabase.swift; sourceTree = "<group>"; };
		BAA8FA7C280590CF004846A5 /* MC1_Phowto.app */ = {isa = PBXFileReference; explicitFileType = wrapper.application; includeInIndex = 0; path = MC1_Phowto.app; sourceTree = BUILT_PRODUCTS_DIR; };
		BAA8FA7F280590CF004846A5 /* AppDelegate.swift */ = {isa = PBXFileReference; lastKnownFileType = sourcecode.swift; path = AppDelegate.swift; sourceTree = "<group>"; };
		BAA8FA81280590CF004846A5 /* SceneDelegate.swift */ = {isa = PBXFileReference; lastKnownFileType = sourcecode.swift; path = SceneDelegate.swift; sourceTree = "<group>"; };
		BAA8FA83280590CF004846A5 /* ViewController.swift */ = {isa = PBXFileReference; lastKnownFileType = sourcecode.swift; path = ViewController.swift; sourceTree = "<group>"; };
		BAA8FA86280590CF004846A5 /* Base */ = {isa = PBXFileReference; lastKnownFileType = file.storyboard; name = Base; path = Base.lproj/Main.storyboard; sourceTree = "<group>"; };
		BAA8FA88280590D0004846A5 /* Assets.xcassets */ = {isa = PBXFileReference; lastKnownFileType = folder.assetcatalog; path = Assets.xcassets; sourceTree = "<group>"; };
		BAA8FA8B280590D0004846A5 /* Base */ = {isa = PBXFileReference; lastKnownFileType = file.storyboard; name = Base; path = Base.lproj/LaunchScreen.storyboard; sourceTree = "<group>"; };
		BAA8FA8D280590D0004846A5 /* Info.plist */ = {isa = PBXFileReference; lastKnownFileType = text.plist.xml; path = Info.plist; sourceTree = "<group>"; };
		BAA8FAAA2805929E004846A5 /* CarouselModel.swift */ = {isa = PBXFileReference; lastKnownFileType = sourcecode.swift; path = CarouselModel.swift; sourceTree = "<group>"; };
		BAA8FAAC280592C8004846A5 /* HomePage.storyboard */ = {isa = PBXFileReference; lastKnownFileType = file.storyboard; path = HomePage.storyboard; sourceTree = "<group>"; };
/* End PBXFileReference section */

/* Begin PBXFrameworksBuildPhase section */
		BAA8FA79280590CF004846A5 /* Frameworks */ = {
			isa = PBXFrameworksBuildPhase;
			buildActionMask = 2147483647;
			files = (
			);
			runOnlyForDeploymentPostprocessing = 0;
		};
/* End PBXFrameworksBuildPhase section */

/* Begin PBXGroup section */
		BA10231128059336001A1481 /* SelectedModule */ = {
			isa = PBXGroup;
			children = (
				BA10231228059359001A1481 /* SelectedModule.storyboard */,
				BA1023142805938E001A1481 /* SelectedModuleViewController.swift */,
				BA94572F280593F700B88544 /* SubModuleViewCell.swift */,
				BA9457472805C5E800B88544 /* SelectedModuleDatabase.swift */,
			);
			path = SelectedModule;
			sourceTree = "<group>";
		};
		BA9457312805941600B88544 /* WatchVisual */ = {
			isa = PBXGroup;
			children = (
				BA9457342805A74300B88544 /* WatchVisualViewController.swift */,
				BA9457362805A76A00B88544 /* WatchVisual.storyboard */,
			);
			path = WatchVisual;
			sourceTree = "<group>";
		};
		BA9457382805AEE400B88544 /* ComparePage */ = {
			isa = PBXGroup;
			children = (
				BA94573A2805B58800B88544 /* ComparePage.storyboard */,
				BA94573C2805B5FB00B88544 /* CompareViewController.swift */,
			);
			path = ComparePage;
			sourceTree = "<group>";
		};
		BA9457392805AF7900B88544 /* ReflectionPage */ = {
			isa = PBXGroup;
			children = (
				BA94573E2805BADD00B88544 /* ReflectionPage.storyboard */,
				BA9457402805BB1700B88544 /* ReflectionViewController.swift */,
			);
			path = ReflectionPage;
			sourceTree = "<group>";
		};
		BA9457422805BD0D00B88544 /* DescriptionPage */ = {
			isa = PBXGroup;
			children = (
				BA9457432805BDA400B88544 /* DescriptionPageViewController.swift */,
				BA9457452805BDE100B88544 /* DescriptionPage.storyboard */,
			);
			path = DescriptionPage;
			sourceTree = "<group>";
		};
		BAA8FA73280590CF004846A5 = {
			isa = PBXGroup;
			children = (
				BAA8FA7E280590CF004846A5 /* MC1_Phowto */,
				BAA8FA7D280590CF004846A5 /* Products */,
			);
			sourceTree = "<group>";
		};
		BAA8FA7D280590CF004846A5 /* Products */ = {
			isa = PBXGroup;
			children = (
				BAA8FA7C280590CF004846A5 /* MC1_Phowto.app */,
			);
			name = Products;
			sourceTree = "<group>";
		};
		BAA8FA7E280590CF004846A5 /* MC1_Phowto */ = {
			isa = PBXGroup;
			children = (
				BA9457422805BD0D00B88544 /* DescriptionPage */,
				BA9457392805AF7900B88544 /* ReflectionPage */,
				BA9457382805AEE400B88544 /* ComparePage */,
				BA9457312805941600B88544 /* WatchVisual */,
				BA10231128059336001A1481 /* SelectedModule */,
				BAA8FAA928059266004846A5 /* HomePage */,
				BAA8FA7F280590CF004846A5 /* AppDelegate.swift */,
				BAA8FA81280590CF004846A5 /* SceneDelegate.swift */,
				BAA8FA83280590CF004846A5 /* ViewController.swift */,
				BAA8FA85280590CF004846A5 /* Main.storyboard */,
				BAA8FA88280590D0004846A5 /* Assets.xcassets */,
				BAA8FA8A280590D0004846A5 /* LaunchScreen.storyboard */,
				BAA8FA8D280590D0004846A5 /* Info.plist */,
			);
			path = MC1_Phowto;
			sourceTree = "<group>";
		};
		BAA8FAA928059266004846A5 /* HomePage */ = {
			isa = PBXGroup;
			children = (
				BAA8FAAA2805929E004846A5 /* CarouselModel.swift */,
				BAA8FAAC280592C8004846A5 /* HomePage.storyboard */,
				BA10230F2805930D001A1481 /* HomePageViewController.swift */,
				BA94573228059AF400B88544 /* CollectionViewCell.swift */,
			);
			path = HomePage;
			sourceTree = "<group>";
		};
/* End PBXGroup section */

/* Begin PBXNativeTarget section */
		BAA8FA7B280590CF004846A5 /* MC1_Phowto */ = {
			isa = PBXNativeTarget;
			buildConfigurationList = BAA8FA90280590D0004846A5 /* Build configuration list for PBXNativeTarget "MC1_Phowto" */;
			buildPhases = (
				BAA8FA78280590CF004846A5 /* Sources */,
				BAA8FA79280590CF004846A5 /* Frameworks */,
				BAA8FA7A280590CF004846A5 /* Resources */,
			);
			buildRules = (
			);
			dependencies = (
			);
			name = MC1_Phowto;
			productName = MC1_Phowto;
			productReference = BAA8FA7C280590CF004846A5 /* MC1_Phowto.app */;
			productType = "com.apple.product-type.application";
		};
/* End PBXNativeTarget section */

/* Begin PBXProject section */
		BAA8FA74280590CF004846A5 /* Project object */ = {
			isa = PBXProject;
			attributes = {
				BuildIndependentTargetsInParallel = 1;
				LastSwiftUpdateCheck = 1330;
				LastUpgradeCheck = 1330;
				TargetAttributes = {
					BAA8FA7B280590CF004846A5 = {
						CreatedOnToolsVersion = 13.3;
					};
				};
			};
			buildConfigurationList = BAA8FA77280590CF004846A5 /* Build configuration list for PBXProject "MC1_Phowto" */;
			compatibilityVersion = "Xcode 13.0";
			developmentRegion = en;
			hasScannedForEncodings = 0;
			knownRegions = (
				en,
				Base,
			);
			mainGroup = BAA8FA73280590CF004846A5;
			productRefGroup = BAA8FA7D280590CF004846A5 /* Products */;
			projectDirPath = "";
			projectRoot = "";
			targets = (
				BAA8FA7B280590CF004846A5 /* MC1_Phowto */,
			);
		};
/* End PBXProject section */

/* Begin PBXResourcesBuildPhase section */
		BAA8FA7A280590CF004846A5 /* Resources */ = {
			isa = PBXResourcesBuildPhase;
			buildActionMask = 2147483647;
			files = (
				BA94573F2805BADD00B88544 /* ReflectionPage.storyboard in Resources */,
				BAA8FAAD280592C8004846A5 /* HomePage.storyboard in Resources */,
				BA9457462805BDE100B88544 /* DescriptionPage.storyboard in Resources */,
				BAA8FA8C280590D0004846A5 /* LaunchScreen.storyboard in Resources */,
				BA94573B2805B58800B88544 /* ComparePage.storyboard in Resources */,
				BA9457372805A76A00B88544 /* WatchVisual.storyboard in Resources */,
				BAA8FA89280590D0004846A5 /* Assets.xcassets in Resources */,
				BA10231328059359001A1481 /* SelectedModule.storyboard in Resources */,
				BAA8FA87280590CF004846A5 /* Main.storyboard in Resources */,
			);
			runOnlyForDeploymentPostprocessing = 0;
		};
/* End PBXResourcesBuildPhase section */

/* Begin PBXSourcesBuildPhase section */
		BAA8FA78280590CF004846A5 /* Sources */ = {
			isa = PBXSourcesBuildPhase;
			buildActionMask = 2147483647;
			files = (
				BA945730280593F700B88544 /* SubModuleViewCell.swift in Sources */,
				BAA8FA84280590CF004846A5 /* ViewController.swift in Sources */,
				BA94573D2805B5FB00B88544 /* CompareViewController.swift in Sources */,
				BA94573328059AF400B88544 /* CollectionViewCell.swift in Sources */,
				BA9457352805A74300B88544 /* WatchVisualViewController.swift in Sources */,
				BAA8FAAB2805929E004846A5 /* CarouselModel.swift in Sources */,
				BA9457442805BDA400B88544 /* DescriptionPageViewController.swift in Sources */,
				BAA8FA80280590CF004846A5 /* AppDelegate.swift in Sources */,
				BA9457412805BB1700B88544 /* ReflectionViewController.swift in Sources */,
				BA1023152805938E001A1481 /* SelectedModuleViewController.swift in Sources */,
				BA9457482805C5E800B88544 /* SelectedModuleDatabase.swift in Sources */,
				BA1023102805930D001A1481 /* HomePageViewController.swift in Sources */,
				BAA8FA82280590CF004846A5 /* SceneDelegate.swift in Sources */,
			);
			runOnlyForDeploymentPostprocessing = 0;
		};
/* End PBXSourcesBuildPhase section */

/* Begin PBXVariantGroup section */
		BAA8FA85280590CF004846A5 /* Main.storyboard */ = {
			isa = PBXVariantGroup;
			children = (
				BAA8FA86280590CF004846A5 /* Base */,
			);
			name = Main.storyboard;
			sourceTree = "<group>";
		};
		BAA8FA8A280590D0004846A5 /* LaunchScreen.storyboard */ = {
			isa = PBXVariantGroup;
			children = (
				BAA8FA8B280590D0004846A5 /* Base */,
			);
			name = LaunchScreen.storyboard;
			sourceTree = "<group>";
		};
/* End PBXVariantGroup section */

/* Begin XCBuildConfiguration section */
		BAA8FA8E280590D0004846A5 /* Debug */ = {
			isa = XCBuildConfiguration;
			buildSettings = {
				ALWAYS_SEARCH_USER_PATHS = NO;
				CLANG_ANALYZER_NONNULL = YES;
				CLANG_ANALYZER_NUMBER_OBJECT_CONVERSION = YES_AGGRESSIVE;
				CLANG_CXX_LANGUAGE_STANDARD = "gnu++17";
				CLANG_ENABLE_MODULES = YES;
				CLANG_ENABLE_OBJC_ARC = YES;
				CLANG_ENABLE_OBJC_WEAK = YES;
				CLANG_WARN_BLOCK_CAPTURE_AUTORELEASING = YES;
				CLANG_WARN_BOOL_CONVERSION = YES;
				CLANG_WARN_COMMA = YES;
				CLANG_WARN_CONSTANT_CONVERSION = YES;
				CLANG_WARN_DEPRECATED_OBJC_IMPLEMENTATIONS = YES;
				CLANG_WARN_DIRECT_OBJC_ISA_USAGE = YES_ERROR;
				CLANG_WARN_DOCUMENTATION_COMMENTS = YES;
				CLANG_WARN_EMPTY_BODY = YES;
				CLANG_WARN_ENUM_CONVERSION = YES;
				CLANG_WARN_INFINITE_RECURSION = YES;
				CLANG_WARN_INT_CONVERSION = YES;
				CLANG_WARN_NON_LITERAL_NULL_CONVERSION = YES;
				CLANG_WARN_OBJC_IMPLICIT_RETAIN_SELF = YES;
				CLANG_WARN_OBJC_LITERAL_CONVERSION = YES;
				CLANG_WARN_OBJC_ROOT_CLASS = YES_ERROR;
				CLANG_WARN_QUOTED_INCLUDE_IN_FRAMEWORK_HEADER = YES;
				CLANG_WARN_RANGE_LOOP_ANALYSIS = YES;
				CLANG_WARN_STRICT_PROTOTYPES = YES;
				CLANG_WARN_SUSPICIOUS_MOVE = YES;
				CLANG_WARN_UNGUARDED_AVAILABILITY = YES_AGGRESSIVE;
				CLANG_WARN_UNREACHABLE_CODE = YES;
				CLANG_WARN__DUPLICATE_METHOD_MATCH = YES;
				COPY_PHASE_STRIP = NO;
				DEBUG_INFORMATION_FORMAT = dwarf;
				ENABLE_STRICT_OBJC_MSGSEND = YES;
				ENABLE_TESTABILITY = YES;
				GCC_C_LANGUAGE_STANDARD = gnu11;
				GCC_DYNAMIC_NO_PIC = NO;
				GCC_NO_COMMON_BLOCKS = YES;
				GCC_OPTIMIZATION_LEVEL = 0;
				GCC_PREPROCESSOR_DEFINITIONS = (
					"DEBUG=1",
					"$(inherited)",
				);
				GCC_WARN_64_TO_32_BIT_CONVERSION = YES;
				GCC_WARN_ABOUT_RETURN_TYPE = YES_ERROR;
				GCC_WARN_UNDECLARED_SELECTOR = YES;
				GCC_WARN_UNINITIALIZED_AUTOS = YES_AGGRESSIVE;
				GCC_WARN_UNUSED_FUNCTION = YES;
				GCC_WARN_UNUSED_VARIABLE = YES;
				IPHONEOS_DEPLOYMENT_TARGET = 15.4;
				MTL_ENABLE_DEBUG_INFO = INCLUDE_SOURCE;
				MTL_FAST_MATH = YES;
				ONLY_ACTIVE_ARCH = YES;
				SDKROOT = iphoneos;
				SWIFT_ACTIVE_COMPILATION_CONDITIONS = DEBUG;
				SWIFT_OPTIMIZATION_LEVEL = "-Onone";
			};
			name = Debug;
		};
		BAA8FA8F280590D0004846A5 /* Release */ = {
			isa = XCBuildConfiguration;
			buildSettings = {
				ALWAYS_SEARCH_USER_PATHS = NO;
				CLANG_ANALYZER_NONNULL = YES;
				CLANG_ANALYZER_NUMBER_OBJECT_CONVERSION = YES_AGGRESSIVE;
				CLANG_CXX_LANGUAGE_STANDARD = "gnu++17";
				CLANG_ENABLE_MODULES = YES;
				CLANG_ENABLE_OBJC_ARC = YES;
				CLANG_ENABLE_OBJC_WEAK = YES;
				CLANG_WARN_BLOCK_CAPTURE_AUTORELEASING = YES;
				CLANG_WARN_BOOL_CONVERSION = YES;
				CLANG_WARN_COMMA = YES;
				CLANG_WARN_CONSTANT_CONVERSION = YES;
				CLANG_WARN_DEPRECATED_OBJC_IMPLEMENTATIONS = YES;
				CLANG_WARN_DIRECT_OBJC_ISA_USAGE = YES_ERROR;
				CLANG_WARN_DOCUMENTATION_COMMENTS = YES;
				CLANG_WARN_EMPTY_BODY = YES;
				CLANG_WARN_ENUM_CONVERSION = YES;
				CLANG_WARN_INFINITE_RECURSION = YES;
				CLANG_WARN_INT_CONVERSION = YES;
				CLANG_WARN_NON_LITERAL_NULL_CONVERSION = YES;
				CLANG_WARN_OBJC_IMPLICIT_RETAIN_SELF = YES;
				CLANG_WARN_OBJC_LITERAL_CONVERSION = YES;
				CLANG_WARN_OBJC_ROOT_CLASS = YES_ERROR;
				CLANG_WARN_QUOTED_INCLUDE_IN_FRAMEWORK_HEADER = YES;
				CLANG_WARN_RANGE_LOOP_ANALYSIS = YES;
				CLANG_WARN_STRICT_PROTOTYPES = YES;
				CLANG_WARN_SUSPICIOUS_MOVE = YES;
				CLANG_WARN_UNGUARDED_AVAILABILITY = YES_AGGRESSIVE;
				CLANG_WARN_UNREACHABLE_CODE = YES;
				CLANG_WARN__DUPLICATE_METHOD_MATCH = YES;
				COPY_PHASE_STRIP = NO;
				DEBUG_INFORMATION_FORMAT = "dwarf-with-dsym";
				ENABLE_NS_ASSERTIONS = NO;
				ENABLE_STRICT_OBJC_MSGSEND = YES;
				GCC_C_LANGUAGE_STANDARD = gnu11;
				GCC_NO_COMMON_BLOCKS = YES;
				GCC_WARN_64_TO_32_BIT_CONVERSION = YES;
				GCC_WARN_ABOUT_RETURN_TYPE = YES_ERROR;
				GCC_WARN_UNDECLARED_SELECTOR = YES;
				GCC_WARN_UNINITIALIZED_AUTOS = YES_AGGRESSIVE;
				GCC_WARN_UNUSED_FUNCTION = YES;
				GCC_WARN_UNUSED_VARIABLE = YES;
				IPHONEOS_DEPLOYMENT_TARGET = 15.4;
				MTL_ENABLE_DEBUG_INFO = NO;
				MTL_FAST_MATH = YES;
				SDKROOT = iphoneos;
				SWIFT_COMPILATION_MODE = wholemodule;
				SWIFT_OPTIMIZATION_LEVEL = "-O";
				VALIDATE_PRODUCT = YES;
			};
			name = Release;
		};
		BAA8FA91280590D0004846A5 /* Debug */ = {
			isa = XCBuildConfiguration;
			buildSettings = {
				ASSETCATALOG_COMPILER_APPICON_NAME = AppIcon;
				ASSETCATALOG_COMPILER_GLOBAL_ACCENT_COLOR_NAME = AccentColor;
				CODE_SIGN_STYLE = Automatic;
				CURRENT_PROJECT_VERSION = 1;
				DEVELOPMENT_TEAM = 5389JN3QNQ;
				GENERATE_INFOPLIST_FILE = YES;
				INFOPLIST_FILE = MC1_Phowto/Info.plist;
				INFOPLIST_KEY_UIApplicationSupportsIndirectInputEvents = YES;
				INFOPLIST_KEY_UILaunchStoryboardName = LaunchScreen;
				INFOPLIST_KEY_UIMainStoryboardFile = Main;
				INFOPLIST_KEY_UISupportedInterfaceOrientations_iPad = "UIInterfaceOrientationPortrait UIInterfaceOrientationPortraitUpsideDown UIInterfaceOrientationLandscapeLeft UIInterfaceOrientationLandscapeRight";
				INFOPLIST_KEY_UISupportedInterfaceOrientations_iPhone = "UIInterfaceOrientationPortrait UIInterfaceOrientationLandscapeLeft UIInterfaceOrientationLandscapeRight";
				LD_RUNPATH_SEARCH_PATHS = (
					"$(inherited)",
					"@executable_path/Frameworks",
				);
				MARKETING_VERSION = 1.0;
				PRODUCT_BUNDLE_IDENTIFIER = "ricky.MC1-Phowto";
				PRODUCT_NAME = "$(TARGET_NAME)";
				SWIFT_EMIT_LOC_STRINGS = YES;
				SWIFT_VERSION = 5.0;
				TARGETED_DEVICE_FAMILY = "1,2";
			};
			name = Debug;
		};
		BAA8FA92280590D0004846A5 /* Release */ = {
			isa = XCBuildConfiguration;
			buildSettings = {
				ASSETCATALOG_COMPILER_APPICON_NAME = AppIcon;
				ASSETCATALOG_COMPILER_GLOBAL_ACCENT_COLOR_NAME = AccentColor;
				CODE_SIGN_STYLE = Automatic;
				CURRENT_PROJECT_VERSION = 1;
				DEVELOPMENT_TEAM = 5389JN3QNQ;
				GENERATE_INFOPLIST_FILE = YES;
				INFOPLIST_FILE = MC1_Phowto/Info.plist;
				INFOPLIST_KEY_UIApplicationSupportsIndirectInputEvents = YES;
				INFOPLIST_KEY_UILaunchStoryboardName = LaunchScreen;
				INFOPLIST_KEY_UIMainStoryboardFile = Main;
				INFOPLIST_KEY_UISupportedInterfaceOrientations_iPad = "UIInterfaceOrientationPortrait UIInterfaceOrientationPortraitUpsideDown UIInterfaceOrientationLandscapeLeft UIInterfaceOrientationLandscapeRight";
				INFOPLIST_KEY_UISupportedInterfaceOrientations_iPhone = "UIInterfaceOrientationPortrait UIInterfaceOrientationLandscapeLeft UIInterfaceOrientationLandscapeRight";
				LD_RUNPATH_SEARCH_PATHS = (
					"$(inherited)",
					"@executable_path/Frameworks",
				);
				MARKETING_VERSION = 1.0;
				PRODUCT_BUNDLE_IDENTIFIER = "ricky.MC1-Phowto";
				PRODUCT_NAME = "$(TARGET_NAME)";
				SWIFT_EMIT_LOC_STRINGS = YES;
				SWIFT_VERSION = 5.0;
				TARGETED_DEVICE_FAMILY = "1,2";
			};
			name = Release;
		};
/* End XCBuildConfiguration section */

/* Begin XCConfigurationList section */
		BAA8FA77280590CF004846A5 /* Build configuration list for PBXProject "MC1_Phowto" */ = {
			isa = XCConfigurationList;
			buildConfigurations = (
				BAA8FA8E280590D0004846A5 /* Debug */,
				BAA8FA8F280590D0004846A5 /* Release */,
			);
			defaultConfigurationIsVisible = 0;
			defaultConfigurationName = Release;
		};
		BAA8FA90280590D0004846A5 /* Build configuration list for PBXNativeTarget "MC1_Phowto" */ = {
			isa = XCConfigurationList;
			buildConfigurations = (
				BAA8FA91280590D0004846A5 /* Debug */,
				BAA8FA92280590D0004846A5 /* Release */,
			);
			defaultConfigurationIsVisible = 0;
			defaultConfigurationName = Release;
		};
/* End XCConfigurationList section */
	};
	rootObject = BAA8FA74280590CF004846A5 /* Project object */;
}
